{
  "name": "ettf",
  "version": "0.1.0",
  "lockfileVersion": 1,
  "requires": true,
  "dependencies": {
    "bindings": {
      "version": "1.3.1",
      "resolved": "https://registry.npmjs.org/bindings/-/bindings-1.3.1.tgz",
      "integrity": "sha512-i47mqjF9UbjxJhxGf+pZ6kSxrnI3wBLlnGI2ArWJ4r0VrvDS7ZYXkprq/pLaBWYq4GM0r4zdHY+NNRqEMU7uew=="
    },
    "cross-spawn": {
      "version": "4.0.2",
      "resolved": "https://registry.npmjs.org/cross-spawn/-/cross-spawn-4.0.2.tgz",
      "integrity": "sha1-e5JHYhwjrf3ThWAEqCPL45dCTUE=",
      "requires": {
        "lru-cache": "^4.0.1",
        "which": "^1.2.9"
      }
    },
    "isexe": {
      "version": "2.0.0",
      "resolved": "https://registry.npmjs.org/isexe/-/isexe-2.0.0.tgz",
      "integrity": "sha1-6PvzdNxVb/iUehDcsFctYz8s+hA="
    },
    "lru-cache": {
      "version": "4.1.5",
      "resolved": "https://registry.npmjs.org/lru-cache/-/lru-cache-4.1.5.tgz",
      "integrity": "sha512-sWZlbEP2OsHNkXrMl5GYk/jKk70MBng6UU4YI/qGDYbgf6YbP4EvmqISbXCoJiRKs+1bSpFHVgQxvJ17F2li5g==",
      "requires": {
        "pseudomap": "^1.0.2",
        "yallist": "^2.1.2"
      }
    },
    "nan": {
      "version": "2.10.0",
      "resolved": "https://registry.npmjs.org/nan/-/nan-2.10.0.tgz",
      "integrity": "sha512-bAdJv7fBLhWC+/Bls0Oza+mvTaNQtP+1RyhhhvD95pgUJz6XM5IzgmxOkItJ9tkoCiplvAnXI1tNmmUD/eScyA=="
    },
    "npm-platform-dependencies": {
      "version": "0.1.0",
      "resolved": "https://registry.npmjs.org/npm-platform-dependencies/-/npm-platform-dependencies-0.1.0.tgz",
      "integrity": "sha512-dth3C89WdN4wRsb97EAQVhynVPa/3k+7DXYnbaI9msRD1hBwioqkIJklf97nOjTWi3lnWQV2yNLWoiOFfPGwOA==",
      "requires": {
        "cross-spawn": "^4.0.0"
      }
    },
    "posix": {
      "version": "4.1.2",
      "resolved": "https://registry.npmjs.org/posix/-/posix-4.1.2.tgz",
      "integrity": "sha512-R1YLMO0tDKuWVRQfcL3dbfv9LvLmB4W6oh+yE2qwlGG0Otkgz1KDIZjnqcs/v+RZfuvDLpCDZs9MQgbcyjppCg==",
      "requires": {
        "nan": "^2.4.x"
      }
    },
    "posix-ext": {
      "version": "0.4.5",
      "resolved": "https://registry.npmjs.org/posix-ext/-/posix-ext-0.4.5.tgz",
      "integrity": "sha512-sdNDmR07GyduWi+h9BBYHzPMwtsGkmhGJXR3x2IzDWVHrJvUijEz2oVuBCwE1Ntg84QdkFM3J1rnpKuSzPRtzg==",
      "requires": {
        "bindings": "~1.3.0",
        "nan": "~2.10.0",
        "npm-platform-dependencies": "~0.1.0",
        "posix": "^4.1.1"
      }
    },
    "pseudomap": {
      "version": "1.0.2",
      "resolved": "https://registry.npmjs.org/pseudomap/-/pseudomap-1.0.2.tgz",
      "integrity": "sha1-8FKijacOYYkX7wqKw0wa5aaChrM="
    },
    "which": {
      "version": "1.3.1",
      "resolved": "https://registry.npmjs.org/which/-/which-1.3.1.tgz",
      "integrity": "sha512-HxJdYWq1MTIQbJ3nw0cqssHoTNU267KlrDuGZ1WYlxDStUtKUhOaJmh112/TZmHxxUfuJqPXSOm7tDyas0OSIQ==",
      "requires": {
        "isexe": "^2.0.0"
      }
    },
    "yallist": {
      "version": "2.1.2",
      "resolved": "https://registry.npmjs.org/yallist/-/yallist-2.1.2.tgz",
      "integrity": "sha1-HBH5IY8HYImkfdUS+TxmmaaoHVI="
    }
  }
}
